PODS:
  - Reveal-SDK (13)
  - SnapKit (4.0.0)

DEPENDENCIES:
  - Reveal-SDK
  - SnapKit (~> 4.0.0)

SPEC CHECKSUMS:
  Reveal-SDK: ccc2b0f8014965ea448b7534a7c2c8da232b75e8
  SnapKit: a42d492c16e80209130a3379f73596c3454b7694

PODFILE CHECKSUM: f2ea11eabd50ab2ea7cd4083b219d3d91b946651

COCOAPODS: 1.4.0
